
Microsoft Visual Studio Solution File, Format Version 12.00
# Visual Studio Version 17
VisualStudioVersion = 17.3.32804.467
MinimumVisualStudioVersion = 10.0.40219.1
Project("{FAE04EC0-301F-11D3-BF4B-00C04F79EFBC}") = "PLANT_BCS", "PLANT_BCS\PLANT_BCS.csproj", "{0D2ABCB0-6364-4C06-8511-C2ADC725A983}"
EndProject
Project("{FAE04EC0-301F-11D3-BF4B-00C04F79EFBC}") = "API_PLANT_BCS", "API_PLANT_BCS\API_PLANT_BCS.csproj", "{C5BAE498-69D4-41B8-9424-D0F8294122E9}"
EndProject
Global
	GlobalSection(SolutionConfigurationPlatforms) = preSolution
		Debug|Any CPU = Debug|Any CPU
		Release|Any CPU = Release|Any CPU
	EndGlobalSection
	GlobalSection(ProjectConfigurationPlatforms) = postSolution
		{0D2ABCB0-6364-4C06-8511-C2ADC725A983}.Debug|Any CPU.ActiveCfg = Debug|Any CPU
		{0D2ABCB0-6364-4C06-8511-C2ADC725A983}.Debug|Any CPU.Build.0 = Debug|Any CPU
		{0D2ABCB0-6364-4C06-8511-C2ADC725A983}.Release|Any CPU.ActiveCfg = Release|Any CPU
		{0D2ABCB0-6364-4C06-8511-C2ADC725A983}.Release|Any CPU.Build.0 = Release|Any CPU
		{C5BAE498-69D4-41B8-9424-D0F8294122E9}.Debug|Any CPU.ActiveCfg = Debug|Any CPU
		{C5BAE498-69D4-41B8-9424-D0F8294122E9}.Debug|Any CPU.Build.0 = Debug|Any CPU
		{C5BAE498-69D4-41B8-9424-D0F8294122E9}.Release|Any CPU.ActiveCfg = Release|Any CPU
		{C5BAE498-69D4-41B8-9424-D0F8294122E9}.Release|Any CPU.Build.0 = Release|Any CPU
	EndGlobalSection
	GlobalSection(SolutionProperties) = preSolution
		HideSolutionNode = FALSE
	EndGlobalSection
	GlobalSection(ExtensibilityGlobals) = postSolution
		SolutionGuid = {0F2A229A-DC96-473B-A37B-75F1DBC305D6}
	EndGlobalSection
EndGlobal
